
Microsoft Visual Studio Solution File, Format Version 12.00
# Visual Studio Version 16
VisualStudioVersion = 16.0.31229.75
MinimumVisualStudioVersion = 10.0.40219.1
Project("{8BC9CEB8-8B4A-11D0-8D11-00A0C91BC942}") = "2374 같은 수로 만들기", "2374 같은 수로 만들기\2374 같은 수로 만들기.vcxproj", "{C094293C-B7C9-4FBE-A914-7BE4A1C7B301}"
EndProject
Project("{8BC9CEB8-8B4A-11D0-8D11-00A0C91BC942}") = "2447 별 찍기-10", "2447 별 찍기-10\2447 별 찍기-10.vcxproj", "{5ECB84FF-CFEE-4023-AA92-A395352D48D0}"
EndProject
Project("{8BC9CEB8-8B4A-11D0-8D11-00A0C91BC942}") = "2667 단지번호 붙이기", "2667 단지번호 붙이기\2667 단지번호 붙이기.vcxproj", "{2C920DB3-A7BA-486F-8FFD-B489AFF57673}"
EndProject
Project("{8BC9CEB8-8B4A-11D0-8D11-00A0C91BC942}") = "11729 하노이 탑", "11729 하노이 탑\11729 하노이 탑.vcxproj", "{D0C1531E-AF40-4295-9A8A-392A8273A03D}"
EndProject
Project("{8BC9CEB8-8B4A-11D0-8D11-00A0C91BC942}") = "정사각형 별 찍기", "정사각형 별 찍기\정사각형 별 찍기.vcxproj", "{2204FAA3-82B2-4CE2-B0B1-BDC412A19CAA}"
EndProject
Project("{8BC9CEB8-8B4A-11D0-8D11-00A0C91BC942}") = "11404 플로이드", "11404 플로이드\11404 플로이드.vcxproj", "{F39F047E-8DA1-409A-A2AF-3EC4A06DF412}"
EndProject
Project("{8BC9CEB8-8B4A-11D0-8D11-00A0C91BC942}") = "1780 종이의 개수", "1780 종이의 개수\1780 종이의 개수.vcxproj", "{F6BB380E-3661-46BF-8EB9-9065A9F9C52E}"
EndProject
Project("{8BC9CEB8-8B4A-11D0-8D11-00A0C91BC942}") = "2167 2차원 배열의 합", "2167 2차원 배열의 합\2167 2차원 배열의 합.vcxproj", "{8A2B54B0-934F-48E7-928F-F8ACFABC1FA9}"
EndProject
Project("{8BC9CEB8-8B4A-11D0-8D11-00A0C91BC942}") = "test_for_c", "test_for_c\test_for_c.vcxproj", "{D45461C9-313F-4A45-ABE6-C212485C6BDD}"
EndProject
Project("{8BC9CEB8-8B4A-11D0-8D11-00A0C91BC942}") = "10872 팩토리얼", "10872 팩토리얼\10872 팩토리얼.vcxproj", "{38910C7E-4092-4E73-BCF2-04F0D5C6EB60}"
EndProject
Project("{8BC9CEB8-8B4A-11D0-8D11-00A0C91BC942}") = "10870 피보나치 수 5", "10870 피보나치 수 5\10870 피보나치 수 5.vcxproj", "{EDFF0858-027C-46AB-AF6A-3DF1B1E5224D}"
EndProject
Project("{8BC9CEB8-8B4A-11D0-8D11-00A0C91BC942}") = "1238 파티", "1238 파티\1238 파티.vcxproj", "{4510DA4E-0C19-48E4-AD9B-18E90188278F}"
EndProject
Project("{8BC9CEB8-8B4A-11D0-8D11-00A0C91BC942}") = "12852 1로 만들기 2", "12852 1로 만들기 2\12852 1로 만들기 2.vcxproj", "{B1C672C1-99D6-429E-9821-958FFADD235C}"
EndProject
Project("{8BC9CEB8-8B4A-11D0-8D11-00A0C91BC942}") = "test", "test\test.vcxproj", "{2C47EE85-C0AF-45F6-9104-63143BCD874B}"
EndProject
Global
	GlobalSection(SolutionConfigurationPlatforms) = preSolution
		Debug|x64 = Debug|x64
		Debug|x86 = Debug|x86
		Release|x64 = Release|x64
		Release|x86 = Release|x86
	EndGlobalSection
	GlobalSection(ProjectConfigurationPlatforms) = postSolution
		{C094293C-B7C9-4FBE-A914-7BE4A1C7B301}.Debug|x64.ActiveCfg = Debug|x64
		{C094293C-B7C9-4FBE-A914-7BE4A1C7B301}.Debug|x64.Build.0 = Debug|x64
		{C094293C-B7C9-4FBE-A914-7BE4A1C7B301}.Debug|x86.ActiveCfg = Debug|Win32
		{C094293C-B7C9-4FBE-A914-7BE4A1C7B301}.Debug|x86.Build.0 = Debug|Win32
		{C094293C-B7C9-4FBE-A914-7BE4A1C7B301}.Release|x64.ActiveCfg = Release|x64
		{C094293C-B7C9-4FBE-A914-7BE4A1C7B301}.Release|x64.Build.0 = Release|x64
		{C094293C-B7C9-4FBE-A914-7BE4A1C7B301}.Release|x86.ActiveCfg = Release|Win32
		{C094293C-B7C9-4FBE-A914-7BE4A1C7B301}.Release|x86.Build.0 = Release|Win32
		{5ECB84FF-CFEE-4023-AA92-A395352D48D0}.Debug|x64.ActiveCfg = Debug|x64
		{5ECB84FF-CFEE-4023-AA92-A395352D48D0}.Debug|x64.Build.0 = Debug|x64
		{5ECB84FF-CFEE-4023-AA92-A395352D48D0}.Debug|x86.ActiveCfg = Debug|Win32
		{5ECB84FF-CFEE-4023-AA92-A395352D48D0}.Debug|x86.Build.0 = Debug|Win32
		{5ECB84FF-CFEE-4023-AA92-A395352D48D0}.Release|x64.ActiveCfg = Release|x64
		{5ECB84FF-CFEE-4023-AA92-A395352D48D0}.Release|x64.Build.0 = Release|x64
		{5ECB84FF-CFEE-4023-AA92-A395352D48D0}.Release|x86.ActiveCfg = Release|Win32
		{5ECB84FF-CFEE-4023-AA92-A395352D48D0}.Release|x86.Build.0 = Release|Win32
		{2C920DB3-A7BA-486F-8FFD-B489AFF57673}.Debug|x64.ActiveCfg = Debug|x64
		{2C920DB3-A7BA-486F-8FFD-B489AFF57673}.Debug|x64.Build.0 = Debug|x64
		{2C920DB3-A7BA-486F-8FFD-B489AFF57673}.Debug|x86.ActiveCfg = Debug|Win32
		{2C920DB3-A7BA-486F-8FFD-B489AFF57673}.Debug|x86.Build.0 = Debug|Win32
		{2C920DB3-A7BA-486F-8FFD-B489AFF57673}.Release|x64.ActiveCfg = Release|x64
		{2C920DB3-A7BA-486F-8FFD-B489AFF57673}.Release|x64.Build.0 = Release|x64
		{2C920DB3-A7BA-486F-8FFD-B489AFF57673}.Release|x86.ActiveCfg = Release|Win32
		{2C920DB3-A7BA-486F-8FFD-B489AFF57673}.Release|x86.Build.0 = Release|Win32
		{D0C1531E-AF40-4295-9A8A-392A8273A03D}.Debug|x64.ActiveCfg = Debug|x64
		{D0C1531E-AF40-4295-9A8A-392A8273A03D}.Debug|x64.Build.0 = Debug|x64
		{D0C1531E-AF40-4295-9A8A-392A8273A03D}.Debug|x86.ActiveCfg = Debug|Win32
		{D0C1531E-AF40-4295-9A8A-392A8273A03D}.Debug|x86.Build.0 = Debug|Win32
		{D0C1531E-AF40-4295-9A8A-392A8273A03D}.Release|x64.ActiveCfg = Release|x64
		{D0C1531E-AF40-4295-9A8A-392A8273A03D}.Release|x64.Build.0 = Release|x64
		{D0C1531E-AF40-4295-9A8A-392A8273A03D}.Release|x86.ActiveCfg = Release|Win32
		{D0C1531E-AF40-4295-9A8A-392A8273A03D}.Release|x86.Build.0 = Release|Win32
		{2204FAA3-82B2-4CE2-B0B1-BDC412A19CAA}.Debug|x64.ActiveCfg = Debug|x64
		{2204FAA3-82B2-4CE2-B0B1-BDC412A19CAA}.Debug|x64.Build.0 = Debug|x64
		{2204FAA3-82B2-4CE2-B0B1-BDC412A19CAA}.Debug|x86.ActiveCfg = Debug|Win32
		{2204FAA3-82B2-4CE2-B0B1-BDC412A19CAA}.Debug|x86.Build.0 = Debug|Win32
		{2204FAA3-82B2-4CE2-B0B1-BDC412A19CAA}.Release|x64.ActiveCfg = Release|x64
		{2204FAA3-82B2-4CE2-B0B1-BDC412A19CAA}.Release|x64.Build.0 = Release|x64
		{2204FAA3-82B2-4CE2-B0B1-BDC412A19CAA}.Release|x86.ActiveCfg = Release|Win32
		{2204FAA3-82B2-4CE2-B0B1-BDC412A19CAA}.Release|x86.Build.0 = Release|Win32
		{F39F047E-8DA1-409A-A2AF-3EC4A06DF412}.Debug|x64.ActiveCfg = Debug|x64
		{F39F047E-8DA1-409A-A2AF-3EC4A06DF412}.Debug|x64.Build.0 = Debug|x64
		{F39F047E-8DA1-409A-A2AF-3EC4A06DF412}.Debug|x86.ActiveCfg = Debug|Win32
		{F39F047E-8DA1-409A-A2AF-3EC4A06DF412}.Debug|x86.Build.0 = Debug|Win32
		{F39F047E-8DA1-409A-A2AF-3EC4A06DF412}.Release|x64.ActiveCfg = Release|x64
		{F39F047E-8DA1-409A-A2AF-3EC4A06DF412}.Release|x64.Build.0 = Release|x64
		{F39F047E-8DA1-409A-A2AF-3EC4A06DF412}.Release|x86.ActiveCfg = Release|Win32
		{F39F047E-8DA1-409A-A2AF-3EC4A06DF412}.Release|x86.Build.0 = Release|Win32
		{F6BB380E-3661-46BF-8EB9-9065A9F9C52E}.Debug|x64.ActiveCfg = Debug|x64
		{F6BB380E-3661-46BF-8EB9-9065A9F9C52E}.Debug|x64.Build.0 = Debug|x64
		{F6BB380E-3661-46BF-8EB9-9065A9F9C52E}.Debug|x86.ActiveCfg = Debug|Win32
		{F6BB380E-3661-46BF-8EB9-9065A9F9C52E}.Debug|x86.Build.0 = Debug|Win32
		{F6BB380E-3661-46BF-8EB9-9065A9F9C52E}.Release|x64.ActiveCfg = Release|x64
		{F6BB380E-3661-46BF-8EB9-9065A9F9C52E}.Release|x64.Build.0 = Release|x64
		{F6BB380E-3661-46BF-8EB9-9065A9F9C52E}.Release|x86.ActiveCfg = Release|Win32
		{F6BB380E-3661-46BF-8EB9-9065A9F9C52E}.Release|x86.Build.0 = Release|Win32
		{8A2B54B0-934F-48E7-928F-F8ACFABC1FA9}.Debug|x64.ActiveCfg = Debug|x64
		{8A2B54B0-934F-48E7-928F-F8ACFABC1FA9}.Debug|x64.Build.0 = Debug|x64
		{8A2B54B0-934F-48E7-928F-F8ACFABC1FA9}.Debug|x86.ActiveCfg = Debug|Win32
		{8A2B54B0-934F-48E7-928F-F8ACFABC1FA9}.Debug|x86.Build.0 = Debug|Win32
		{8A2B54B0-934F-48E7-928F-F8ACFABC1FA9}.Release|x64.ActiveCfg = Release|x64
		{8A2B54B0-934F-48E7-928F-F8ACFABC1FA9}.Release|x64.Build.0 = Release|x64
		{8A2B54B0-934F-48E7-928F-F8ACFABC1FA9}.Release|x86.ActiveCfg = Release|Win32
		{8A2B54B0-934F-48E7-928F-F8ACFABC1FA9}.Release|x86.Build.0 = Release|Win32
		{D45461C9-313F-4A45-ABE6-C212485C6BDD}.Debug|x64.ActiveCfg = Debug|x64
		{D45461C9-313F-4A45-ABE6-C212485C6BDD}.Debug|x64.Build.0 = Debug|x64
		{D45461C9-313F-4A45-ABE6-C212485C6BDD}.Debug|x86.ActiveCfg = Debug|Win32
		{D45461C9-313F-4A45-ABE6-C212485C6BDD}.Debug|x86.Build.0 = Debug|Win32
		{D45461C9-313F-4A45-ABE6-C212485C6BDD}.Release|x64.ActiveCfg = Release|x64
		{D45461C9-313F-4A45-ABE6-C212485C6BDD}.Release|x64.Build.0 = Release|x64
		{D45461C9-313F-4A45-ABE6-C212485C6BDD}.Release|x86.ActiveCfg = Release|Win32
		{D45461C9-313F-4A45-ABE6-C212485C6BDD}.Release|x86.Build.0 = Release|Win32
		{38910C7E-4092-4E73-BCF2-04F0D5C6EB60}.Debug|x64.ActiveCfg = Debug|x64
		{38910C7E-4092-4E73-BCF2-04F0D5C6EB60}.Debug|x64.Build.0 = Debug|x64
		{38910C7E-4092-4E73-BCF2-04F0D5C6EB60}.Debug|x86.ActiveCfg = Debug|Win32
		{38910C7E-4092-4E73-BCF2-04F0D5C6EB60}.Debug|x86.Build.0 = Debug|Win32
		{38910C7E-4092-4E73-BCF2-04F0D5C6EB60}.Release|x64.ActiveCfg = Release|x64
		{38910C7E-4092-4E73-BCF2-04F0D5C6EB60}.Release|x64.Build.0 = Release|x64
		{38910C7E-4092-4E73-BCF2-04F0D5C6EB60}.Release|x86.ActiveCfg = Release|Win32
		{38910C7E-4092-4E73-BCF2-04F0D5C6EB60}.Release|x86.Build.0 = Release|Win32
		{EDFF0858-027C-46AB-AF6A-3DF1B1E5224D}.Debug|x64.ActiveCfg = Debug|x64
		{EDFF0858-027C-46AB-AF6A-3DF1B1E5224D}.Debug|x64.Build.0 = Debug|x64
		{EDFF0858-027C-46AB-AF6A-3DF1B1E5224D}.Debug|x86.ActiveCfg = Debug|Win32
		{EDFF0858-027C-46AB-AF6A-3DF1B1E5224D}.Debug|x86.Build.0 = Debug|Win32
		{EDFF0858-027C-46AB-AF6A-3DF1B1E5224D}.Release|x64.ActiveCfg = Release|x64
		{EDFF0858-027C-46AB-AF6A-3DF1B1E5224D}.Release|x64.Build.0 = Release|x64
		{EDFF0858-027C-46AB-AF6A-3DF1B1E5224D}.Release|x86.ActiveCfg = Release|Win32
		{EDFF0858-027C-46AB-AF6A-3DF1B1E5224D}.Release|x86.Build.0 = Release|Win32
		{4510DA4E-0C19-48E4-AD9B-18E90188278F}.Debug|x64.ActiveCfg = Debug|x64
		{4510DA4E-0C19-48E4-AD9B-18E90188278F}.Debug|x64.Build.0 = Debug|x64
		{4510DA4E-0C19-48E4-AD9B-18E90188278F}.Debug|x86.ActiveCfg = Debug|Win32
		{4510DA4E-0C19-48E4-AD9B-18E90188278F}.Debug|x86.Build.0 = Debug|Win32
		{4510DA4E-0C19-48E4-AD9B-18E90188278F}.Release|x64.ActiveCfg = Release|x64
		{4510DA4E-0C19-48E4-AD9B-18E90188278F}.Release|x64.Build.0 = Release|x64
		{4510DA4E-0C19-48E4-AD9B-18E90188278F}.Release|x86.ActiveCfg = Release|Win32
		{4510DA4E-0C19-48E4-AD9B-18E90188278F}.Release|x86.Build.0 = Release|Win32
		{B1C672C1-99D6-429E-9821-958FFADD235C}.Debug|x64.ActiveCfg = Debug|x64
		{B1C672C1-99D6-429E-9821-958FFADD235C}.Debug|x64.Build.0 = Debug|x64
		{B1C672C1-99D6-429E-9821-958FFADD235C}.Debug|x86.ActiveCfg = Debug|Win32
		{B1C672C1-99D6-429E-9821-958FFADD235C}.Debug|x86.Build.0 = Debug|Win32
		{B1C672C1-99D6-429E-9821-958FFADD235C}.Release|x64.ActiveCfg = Release|x64
		{B1C672C1-99D6-429E-9821-958FFADD235C}.Release|x64.Build.0 = Release|x64
		{B1C672C1-99D6-429E-9821-958FFADD235C}.Release|x86.ActiveCfg = Release|Win32
		{B1C672C1-99D6-429E-9821-958FFADD235C}.Release|x86.Build.0 = Release|Win32
		{2C47EE85-C0AF-45F6-9104-63143BCD874B}.Debug|x64.ActiveCfg = Debug|x64
		{2C47EE85-C0AF-45F6-9104-63143BCD874B}.Debug|x64.Build.0 = Debug|x64
		{2C47EE85-C0AF-45F6-9104-63143BCD874B}.Debug|x86.ActiveCfg = Debug|Win32
		{2C47EE85-C0AF-45F6-9104-63143BCD874B}.Debug|x86.Build.0 = Debug|Win32
		{2C47EE85-C0AF-45F6-9104-63143BCD874B}.Release|x64.ActiveCfg = Release|x64
		{2C47EE85-C0AF-45F6-9104-63143BCD874B}.Release|x64.Build.0 = Release|x64
		{2C47EE85-C0AF-45F6-9104-63143BCD874B}.Release|x86.ActiveCfg = Release|Win32
		{2C47EE85-C0AF-45F6-9104-63143BCD874B}.Release|x86.Build.0 = Release|Win32
	EndGlobalSection
	GlobalSection(SolutionProperties) = preSolution
		HideSolutionNode = FALSE
	EndGlobalSection
	GlobalSection(ExtensibilityGlobals) = postSolution
		SolutionGuid = {49C4147D-F158-4DDB-AB2D-7D92A12675A2}
	EndGlobalSection
EndGlobal
